
Microsoft Visual Studio Solution File, Format Version 12.00
# Visual Studio Version 16
VisualStudioVersion = 16.0.31729.503
MinimumVisualStudioVersion = 10.0.40219.1
Project("{8BC9CEB8-8B4A-11D0-8D11-00A0C91BC942}") = "version", "src\version\version.vcxproj", "{8E478C96-0ECF-4A19-AE53-9940E1635D1C}"
EndProject
Project("{8BC9CEB8-8B4A-11D0-8D11-00A0C91BC942}") = "hdhomeruntray.interop", "src\hdhomeruntray.interop\hdhomeruntray.interop.vcxproj", "{717D3B61-E1FD-4960-8188-0B2215F6A7FB}"
	ProjectSection(ProjectDependencies) = postProject
		{8E478C96-0ECF-4A19-AE53-9940E1635D1C} = {8E478C96-0ECF-4A19-AE53-9940E1635D1C}
	EndProjectSection
EndProject
Project("{FAE04EC0-301F-11D3-BF4B-00C04F79EFBC}") = "hdhomeruntray", "src\hdhomeruntray\hdhomeruntray.csproj", "{FE5B686C-C64D-4E48-9B9E-0529897E682E}"
	ProjectSection(ProjectDependencies) = postProject
		{8E478C96-0ECF-4A19-AE53-9940E1635D1C} = {8E478C96-0ECF-4A19-AE53-9940E1635D1C}
	EndProjectSection
EndProject
Project("{930C7802-8A8C-48F9-8165-68863BCCD9DD}") = "setup", "src\setup\setup.wixproj", "{FDB44ABB-98A3-4E3A-8092-6C6C62EAEEDC}"
	ProjectSection(ProjectDependencies) = postProject
		{717D3B61-E1FD-4960-8188-0B2215F6A7FB} = {717D3B61-E1FD-4960-8188-0B2215F6A7FB}
		{FE5B686C-C64D-4E48-9B9E-0529897E682E} = {FE5B686C-C64D-4E48-9B9E-0529897E682E}
		{8E478C96-0ECF-4A19-AE53-9940E1635D1C} = {8E478C96-0ECF-4A19-AE53-9940E1635D1C}
	EndProjectSection
EndProject
Global
	GlobalSection(SolutionConfigurationPlatforms) = preSolution
		Debug|x86 = Debug|x86
		Release|x86 = Release|x86
	EndGlobalSection
	GlobalSection(ProjectConfigurationPlatforms) = postSolution
		{8E478C96-0ECF-4A19-AE53-9940E1635D1C}.Debug|x86.ActiveCfg = Debug|Win32
		{8E478C96-0ECF-4A19-AE53-9940E1635D1C}.Debug|x86.Build.0 = Debug|Win32
		{8E478C96-0ECF-4A19-AE53-9940E1635D1C}.Release|x86.ActiveCfg = Release|Win32
		{8E478C96-0ECF-4A19-AE53-9940E1635D1C}.Release|x86.Build.0 = Release|Win32
		{717D3B61-E1FD-4960-8188-0B2215F6A7FB}.Debug|x86.ActiveCfg = Debug|Win32
		{717D3B61-E1FD-4960-8188-0B2215F6A7FB}.Debug|x86.Build.0 = Debug|Win32
		{717D3B61-E1FD-4960-8188-0B2215F6A7FB}.Release|x86.ActiveCfg = Release|Win32
		{717D3B61-E1FD-4960-8188-0B2215F6A7FB}.Release|x86.Build.0 = Release|Win32
		{FE5B686C-C64D-4E48-9B9E-0529897E682E}.Debug|x86.ActiveCfg = Debug|x86
		{FE5B686C-C64D-4E48-9B9E-0529897E682E}.Debug|x86.Build.0 = Debug|x86
		{FE5B686C-C64D-4E48-9B9E-0529897E682E}.Release|x86.ActiveCfg = Release|x86
		{FE5B686C-C64D-4E48-9B9E-0529897E682E}.Release|x86.Build.0 = Release|x86
		{FDB44ABB-98A3-4E3A-8092-6C6C62EAEEDC}.Debug|x86.ActiveCfg = Debug|x86
		{FDB44ABB-98A3-4E3A-8092-6C6C62EAEEDC}.Debug|x86.Build.0 = Debug|x86
		{FDB44ABB-98A3-4E3A-8092-6C6C62EAEEDC}.Release|x86.ActiveCfg = Release|x86
		{FDB44ABB-98A3-4E3A-8092-6C6C62EAEEDC}.Release|x86.Build.0 = Release|x86
	EndGlobalSection
	GlobalSection(SolutionProperties) = preSolution
		HideSolutionNode = FALSE
	EndGlobalSection
	GlobalSection(ExtensibilityGlobals) = postSolution
		SolutionGuid = {51F98D5F-BC97-4E33-BA24-01A51609A89A}
	EndGlobalSection
EndGlobal
